// !$*UTF8*$!
{
	archiveVersion = 1;
	classes = {
	};
	objectVersion = 46;
	objects = {

/* Begin PBXBuildFile section */
		7D4DDF771C77FA78009F18BD /* AppDelegate.swift in Sources */ = {isa = PBXBuildFile; fileRef = 7D4DDF761C77FA78009F18BD /* AppDelegate.swift */; };
		7D4DDF791C77FA78009F18BD /* ViewController.swift in Sources */ = {isa = PBXBuildFile; fileRef = 7D4DDF781C77FA78009F18BD /* ViewController.swift */; };
		7D4DDF7C1C77FA78009F18BD /* Main.storyboard in Resources */ = {isa = PBXBuildFile; fileRef = 7D4DDF7A1C77FA78009F18BD /* Main.storyboard */; };
		7D4DDF7E1C77FA78009F18BD /* Assets.xcassets in Resources */ = {isa = PBXBuildFile; fileRef = 7D4DDF7D1C77FA78009F18BD /* Assets.xcassets */; };
		7D4DDF811C77FA78009F18BD /* LaunchScreen.storyboard in Resources */ = {isa = PBXBuildFile; fileRef = 7D4DDF7F1C77FA78009F18BD /* LaunchScreen.storyboard */; };
		7D4DDF8C1C77FA78009F18BD /* Assignment_2Tests.swift in Sources */ = {isa = PBXBuildFile; fileRef = 7D4DDF8B1C77FA78009F18BD /* Assignment_2Tests.swift */; };
		7D4DDF971C77FA78009F18BD /* Assignment_2UITests.swift in Sources */ = {isa = PBXBuildFile; fileRef = 7D4DDF961C77FA78009F18BD /* Assignment_2UITests.swift */; };
/* End PBXBuildFile section */

/* Begin PBXContainerItemProxy section */
		7D4DDF881C77FA78009F18BD /* PBXContainerItemProxy */ = {
			isa = PBXContainerItemProxy;
			containerPortal = 7D4DDF6B1C77FA78009F18BD /* Project object */;
			proxyType = 1;
			remoteGlobalIDString = 7D4DDF721C77FA78009F18BD;
			remoteInfo = Assignment_2;
		};
		7D4DDF931C77FA78009F18BD /* PBXContainerItemProxy */ = {
			isa = PBXContainerItemProxy;
			containerPortal = 7D4DDF6B1C77FA78009F18BD /* Project object */;
			proxyType = 1;
			remoteGlobalIDString = 7D4DDF721C77FA78009F18BD;
			remoteInfo = Assignment_2;
		};
/* End PBXContainerItemProxy section */

/* Begin PBXFileReference section */
		7D4DDF731C77FA78009F18BD /* Assignment_2.app */ = {isa = PBXFileReference; explicitFileType = wrapper.application; includeInIndex = 0; path = Assignment_2.app; sourceTree = BUILT_PRODUCTS_DIR; };
		7D4DDF761C77FA78009F18BD /* AppDelegate.swift */ = {isa = PBXFileReference; lastKnownFileType = sourcecode.swift; path = AppDelegate.swift; sourceTree = "<group>"; };
		7D4DDF781C77FA78009F18BD /* ViewController.swift */ = {isa = PBXFileReference; lastKnownFileType = sourcecode.swift; path = ViewController.swift; sourceTree = "<group>"; };
		7D4DDF7B1C77FA78009F18BD /* Base */ = {isa = PBXFileReference; lastKnownFileType = file.storyboard; name = Base; path = Base.lproj/Main.storyboard; sourceTree = "<group>"; };
		7D4DDF7D1C77FA78009F18BD /* Assets.xcassets */ = {isa = PBXFileReference; lastKnownFileType = folder.assetcatalog; path = Assets.xcassets; sourceTree = "<group>"; };
		7D4DDF801C77FA78009F18BD /* Base */ = {isa = PBXFileReference; lastKnownFileType = file.storyboard; name = Base; path = Base.lproj/LaunchScreen.storyboard; sourceTree = "<group>"; };
		7D4DDF821C77FA78009F18BD /* Info.plist */ = {isa = PBXFileReference; lastKnownFileType = text.plist.xml; path = Info.plist; sourceTree = "<group>"; };
		7D4DDF871C77FA78009F18BD /* Assignment_2Tests.xctest */ = {isa = PBXFileReference; explicitFileType = wrapper.cfbundle; includeInIndex = 0; path = Assignment_2Tests.xctest; sourceTree = BUILT_PRODUCTS_DIR; };
		7D4DDF8B1C77FA78009F18BD /* Assignment_2Tests.swift */ = {isa = PBXFileReference; lastKnownFileType = sourcecode.swift; path = Assignment_2Tests.swift; sourceTree = "<group>"; };
		7D4DDF8D1C77FA78009F18BD /* Info.plist */ = {isa = PBXFileReference; lastKnownFileType = text.plist.xml; path = Info.plist; sourceTree = "<group>"; };
		7D4DDF921C77FA78009F18BD /* Assignment_2UITests.xctest */ = {isa = PBXFileReference; explicitFileType = wrapper.cfbundle; includeInIndex = 0; path = Assignment_2UITests.xctest; sourceTree = BUILT_PRODUCTS_DIR; };
		7D4DDF961C77FA78009F18BD /* Assignment_2UITests.swift */ = {isa = PBXFileReference; lastKnownFileType = sourcecode.swift; path = Assignment_2UITests.swift; sourceTree = "<group>"; };
		7D4DDF981C77FA78009F18BD /* Info.plist */ = {isa = PBXFileReference; lastKnownFileType = text.plist.xml; path = Info.plist; sourceTree = "<group>"; };
/* End PBXFileReference section */

/* Begin PBXFrameworksBuildPhase section */
		7D4DDF701C77FA78009F18BD /* Frameworks */ = {
			isa = PBXFrameworksBuildPhase;
			buildActionMask = 2147483647;
			files = (
			);
			runOnlyForDeploymentPostprocessing = 0;
		};
		7D4DDF841C77FA78009F18BD /* Frameworks */ = {
			isa = PBXFrameworksBuildPhase;
			buildActionMask = 2147483647;
			files = (
			);
			runOnlyForDeploymentPostprocessing = 0;
		};
		7D4DDF8F1C77FA78009F18BD /* Frameworks */ = {
			isa = PBXFrameworksBuildPhase;
			buildActionMask = 2147483647;
			files = (
			);
			runOnlyForDeploymentPostprocessing = 0;
		};
/* End PBXFrameworksBuildPhase section */

/* Begin PBXGroup section */
		7D4DDF6A1C77FA78009F18BD = {
			isa = PBXGroup;
			children = (
				7D4DDF751C77FA78009F18BD /* Assignment_2 */,
				7D4DDF8A1C77FA78009F18BD /* Assignment_2Tests */,
				7D4DDF951C77FA78009F18BD /* Assignment_2UITests */,
				7D4DDF741C77FA78009F18BD /* Products */,
			);
			sourceTree = "<group>";
		};
		7D4DDF741C77FA78009F18BD /* Products */ = {
			isa = PBXGroup;
			children = (
				7D4DDF731C77FA78009F18BD /* Assignment_2.app */,
				7D4DDF871C77FA78009F18BD /* Assignment_2Tests.xctest */,
				7D4DDF921C77FA78009F18BD /* Assignment_2UITests.xctest */,
			);
			name = Products;
			sourceTree = "<group>";
		};
		7D4DDF751C77FA78009F18BD /* Assignment_2 */ = {
			isa = PBXGroup;
			children = (
				7D4DDF761C77FA78009F18BD /* AppDelegate.swift */,
				7D4DDF781C77FA78009F18BD /* ViewController.swift */,
				7D4DDF7A1C77FA78009F18BD /* Main.storyboard */,
				7D4DDF7D1C77FA78009F18BD /* Assets.xcassets */,
				7D4DDF7F1C77FA78009F18BD /* LaunchScreen.storyboard */,
				7D4DDF821C77FA78009F18BD /* Info.plist */,
			);
			path = Assignment_2;
			sourceTree = "<group>";
		};
		7D4DDF8A1C77FA78009F18BD /* Assignment_2Tests */ = {
			isa = PBXGroup;
			children = (
				7D4DDF8B1C77FA78009F18BD /* Assignment_2Tests.swift */,
				7D4DDF8D1C77FA78009F18BD /* Info.plist */,
			);
			path = Assignment_2Tests;
			sourceTree = "<group>";
		};
		7D4DDF951C77FA78009F18BD /* Assignment_2UITests */ = {
			isa = PBXGroup;
			children = (
				7D4DDF961C77FA78009F18BD /* Assignment_2UITests.swift */,
				7D4DDF981C77FA78009F18BD /* Info.plist */,
			);
			path = Assignment_2UITests;
			sourceTree = "<group>";
		};
/* End PBXGroup section */

/* Begin PBXNativeTarget section */
		7D4DDF721C77FA78009F18BD /* Assignment_2 */ = {
			isa = PBXNativeTarget;
			buildConfigurationList = 7D4DDF9B1C77FA78009F18BD /* Build configuration list for PBXNativeTarget "Assignment_2" */;
			buildPhases = (
				7D4DDF6F1C77FA78009F18BD /* Sources */,
				7D4DDF701C77FA78009F18BD /* Frameworks */,
				7D4DDF711C77FA78009F18BD /* Resources */,
			);
			buildRules = (
			);
			dependencies = (
			);
			name = Assignment_2;
			productName = Assignment_2;
			productReference = 7D4DDF731C77FA78009F18BD /* Assignment_2.app */;
			productType = "com.apple.product-type.application";
		};
		7D4DDF861C77FA78009F18BD /* Assignment_2Tests */ = {
			isa = PBXNativeTarget;
			buildConfigurationList = 7D4DDF9E1C77FA78009F18BD /* Build configuration list for PBXNativeTarget "Assignment_2Tests" */;
			buildPhases = (
				7D4DDF831C77FA78009F18BD /* Sources */,
				7D4DDF841C77FA78009F18BD /* Frameworks */,
				7D4DDF851C77FA78009F18BD /* Resources */,
			);
			buildRules = (
			);
			dependencies = (
				7D4DDF891C77FA78009F18BD /* PBXTargetDependency */,
			);
			name = Assignment_2Tests;
			productName = Assignment_2Tests;
			productReference = 7D4DDF871C77FA78009F18BD /* Assignment_2Tests.xctest */;
			productType = "com.apple.product-type.bundle.unit-test";
		};
		7D4DDF911C77FA78009F18BD /* Assignment_2UITests */ = {
			isa = PBXNativeTarget;
			buildConfigurationList = 7D4DDFA11C77FA78009F18BD /* Build configuration list for PBXNativeTarget "Assignment_2UITests" */;
			buildPhases = (
				7D4DDF8E1C77FA78009F18BD /* Sources */,
				7D4DDF8F1C77FA78009F18BD /* Frameworks */,
				7D4DDF901C77FA78009F18BD /* Resources */,
			);
			buildRules = (
			);
			dependencies = (
				7D4DDF941C77FA78009F18BD /* PBXTargetDependency */,
			);
			name = Assignment_2UITests;
			productName = Assignment_2UITests;
			productReference = 7D4DDF921C77FA78009F18BD /* Assignment_2UITests.xctest */;
			productType = "com.apple.product-type.bundle.ui-testing";
		};
/* End PBXNativeTarget section */

/* Begin PBXProject section */
		7D4DDF6B1C77FA78009F18BD /* Project object */ = {
			isa = PBXProject;
			attributes = {
				LastSwiftUpdateCheck = 0720;
				LastUpgradeCheck = 0720;
				ORGANIZATIONNAME = "Shah, Priyanka";
				TargetAttributes = {
					7D4DDF721C77FA78009F18BD = {
						CreatedOnToolsVersion = 7.2;
					};
					7D4DDF861C77FA78009F18BD = {
						CreatedOnToolsVersion = 7.2;
						TestTargetID = 7D4DDF721C77FA78009F18BD;
					};
					7D4DDF911C77FA78009F18BD = {
						CreatedOnToolsVersion = 7.2;
						TestTargetID = 7D4DDF721C77FA78009F18BD;
					};
				};
			};
			buildConfigurationList = 7D4DDF6E1C77FA78009F18BD /* Build configuration list for PBXProject "Assignment_2" */;
			compatibilityVersion = "Xcode 3.2";
			developmentRegion = English;
			hasScannedForEncodings = 0;
			knownRegions = (
				en,
				Base,
			);
			mainGroup = 7D4DDF6A1C77FA78009F18BD;
			productRefGroup = 7D4DDF741C77FA78009F18BD /* Products */;
			projectDirPath = "";
			projectRoot = "";
			targets = (
				7D4DDF721C77FA78009F18BD /* Assignment_2 */,
				7D4DDF861C77FA78009F18BD /* Assignment_2Tests */,
				7D4DDF911C77FA78009F18BD /* Assignment_2UITests */,
			);
		};
/* End PBXProject section */

/* Begin PBXResourcesBuildPhase section */
		7D4DDF711C77FA78009F18BD /* Resources */ = {
			isa = PBXResourcesBuildPhase;
			buildActionMask = 2147483647;
			files = (
				7D4DDF811C77FA78009F18BD /* LaunchScreen.storyboard in Resources */,
				7D4DDF7E1C77FA78009F18BD /* Assets.xcassets in Resources */,
				7D4DDF7C1C77FA78009F18BD /* Main.storyboard in Resources */,
			);
			runOnlyForDeploymentPostprocessing = 0;
		};
		7D4DDF851C77FA78009F18BD /* Resources */ = {
			isa = PBXResourcesBuildPhase;
			buildActionMask = 2147483647;
			files = (
			);
			runOnlyForDeploymentPostprocessing = 0;
		};
		7D4DDF901C77FA78009F18BD /* Resources */ = {
			isa = PBXResourcesBuildPhase;
			buildActionMask = 2147483647;
			files = (
			);
			runOnlyForDeploymentPostprocessing = 0;
		};
/* End PBXResourcesBuildPhase section */

/* Begin PBXSourcesBuildPhase section */
		7D4DDF6F1C77FA78009F18BD /* Sources */ = {
			isa = PBXSourcesBuildPhase;
			buildActionMask = 2147483647;
			files = (
				7D4DDF791C77FA78009F18BD /* ViewController.swift in Sources */,
				7D4DDF771C77FA78009F18BD /* AppDelegate.swift in Sources */,
			);
			runOnlyForDeploymentPostprocessing = 0;
		};
		7D4DDF831C77FA78009F18BD /* Sources */ = {
			isa = PBXSourcesBuildPhase;
			buildActionMask = 2147483647;
			files = (
				7D4DDF8C1C77FA78009F18BD /* Assignment_2Tests.swift in Sources */,
			);
			runOnlyForDeploymentPostprocessing = 0;
		};
		7D4DDF8E1C77FA78009F18BD /* Sources */ = {
			isa = PBXSourcesBuildPhase;
			buildActionMask = 2147483647;
			files = (
				7D4DDF971C77FA78009F18BD /* Assignment_2UITests.swift in Sources */,
			);
			runOnlyForDeploymentPostprocessing = 0;
		};
/* End PBXSourcesBuildPhase section */

/* Begin PBXTargetDependency section */
		7D4DDF891C77FA78009F18BD /* PBXTargetDependency */ = {
			isa = PBXTargetDependency;
			target = 7D4DDF721C77FA78009F18BD /* Assignment_2 */;
			targetProxy = 7D4DDF881C77FA78009F18BD /* PBXContainerItemProxy */;
		};
		7D4DDF941C77FA78009F18BD /* PBXTargetDependency */ = {
			isa = PBXTargetDependency;
			target = 7D4DDF721C77FA78009F18BD /* Assignment_2 */;
			targetProxy = 7D4DDF931C77FA78009F18BD /* PBXContainerItemProxy */;
		};
/* End PBXTargetDependency section */

/* Begin PBXVariantGroup section */
		7D4DDF7A1C77FA78009F18BD /* Main.storyboard */ = {
			isa = PBXVariantGroup;
			children = (
				7D4DDF7B1C77FA78009F18BD /* Base */,
			);
			name = Main.storyboard;
			sourceTree = "<group>";
		};
		7D4DDF7F1C77FA78009F18BD /* LaunchScreen.storyboard */ = {
			isa = PBXVariantGroup;
			children = (
				7D4DDF801C77FA78009F18BD /* Base */,
			);
			name = LaunchScreen.storyboard;
			sourceTree = "<group>";
		};
/* End PBXVariantGroup section */

/* Begin XCBuildConfiguration section */
		7D4DDF991C77FA78009F18BD /* Debug */ = {
			isa = XCBuildConfiguration;
			buildSettings = {
				ALWAYS_SEARCH_USER_PATHS = NO;
				CLANG_CXX_LANGUAGE_STANDARD = "gnu++0x";
				CLANG_CXX_LIBRARY = "libc++";
				CLANG_ENABLE_MODULES = YES;
				CLANG_ENABLE_OBJC_ARC = YES;
				CLANG_WARN_BOOL_CONVERSION = YES;
				CLANG_WARN_CONSTANT_CONVERSION = YES;
				CLANG_WARN_DIRECT_OBJC_ISA_USAGE = YES_ERROR;
				CLANG_WARN_EMPTY_BODY = YES;
				CLANG_WARN_ENUM_CONVERSION = YES;
				CLANG_WARN_INT_CONVERSION = YES;
				CLANG_WARN_OBJC_ROOT_CLASS = YES_ERROR;
				CLANG_WARN_UNREACHABLE_CODE = YES;
				CLANG_WARN__DUPLICATE_METHOD_MATCH = YES;
				"CODE_SIGN_IDENTITY[sdk=iphoneos*]" = "iPhone Developer";
				COPY_PHASE_STRIP = NO;
				DEBUG_INFORMATION_FORMAT = dwarf;
				ENABLE_STRICT_OBJC_MSGSEND = YES;
				ENABLE_TESTABILITY = YES;
				GCC_C_LANGUAGE_STANDARD = gnu99;
				GCC_DYNAMIC_NO_PIC = NO;
				GCC_NO_COMMON_BLOCKS = YES;
				GCC_OPTIMIZATION_LEVEL = 0;
				GCC_PREPROCESSOR_DEFINITIONS = (
					"DEBUG=1",
					"$(inherited)",
				);
				GCC_WARN_64_TO_32_BIT_CONVERSION = YES;
				GCC_WARN_ABOUT_RETURN_TYPE = YES_ERROR;
				GCC_WARN_UNDECLARED_SELECTOR = YES;
				GCC_WARN_UNINITIALIZED_AUTOS = YES_AGGRESSIVE;
				GCC_WARN_UNUSED_FUNCTION = YES;
				GCC_WARN_UNUSED_VARIABLE = YES;
				IPHONEOS_DEPLOYMENT_TARGET = 9.2;
				MTL_ENABLE_DEBUG_INFO = YES;
				ONLY_ACTIVE_ARCH = YES;
				SDKROOT = iphoneos;
				SWIFT_OPTIMIZATION_LEVEL = "-Onone";
				TARGETED_DEVICE_FAMILY = "1,2";
			};
			name = Debug;
		};
		7D4DDF9A1C77FA78009F18BD /* Release */ = {
			isa = XCBuildConfiguration;
			buildSettings = {
				ALWAYS_SEARCH_USER_PATHS = NO;
				CLANG_CXX_LANGUAGE_STANDARD = "gnu++0x";
				CLANG_CXX_LIBRARY = "libc++";
				CLANG_ENABLE_MODULES = YES;
				CLANG_ENABLE_OBJC_ARC = YES;
				CLANG_WARN_BOOL_CONVERSION = YES;
				CLANG_WARN_CONSTANT_CONVERSION = YES;
				CLANG_WARN_DIRECT_OBJC_ISA_USAGE = YES_ERROR;
				CLANG_WARN_EMPTY_BODY = YES;
				CLANG_WARN_ENUM_CONVERSION = YES;
				CLANG_WARN_INT_CONVERSION = YES;
				CLANG_WARN_OBJC_ROOT_CLASS = YES_ERROR;
				CLANG_WARN_UNREACHABLE_CODE = YES;
				CLANG_WARN__DUPLICATE_METHOD_MATCH = YES;
				"CODE_SIGN_IDENTITY[sdk=iphoneos*]" = "iPhone Developer";
				COPY_PHASE_STRIP = NO;
				DEBUG_INFORMATION_FORMAT = "dwarf-with-dsym";
				ENABLE_NS_ASSERTIONS = NO;
				ENABLE_STRICT_OBJC_MSGSEND = YES;
				GCC_C_LANGUAGE_STANDARD = gnu99;
				GCC_NO_COMMON_BLOCKS = YES;
				GCC_WARN_64_TO_32_BIT_CONVERSION = YES;
				GCC_WARN_ABOUT_RETURN_TYPE = YES_ERROR;
				GCC_WARN_UNDECLARED_SELECTOR = YES;
				GCC_WARN_UNINITIALIZED_AUTOS = YES_AGGRESSIVE;
				GCC_WARN_UNUSED_FUNCTION = YES;
				GCC_WARN_UNUSED_VARIABLE = YES;
				IPHONEOS_DEPLOYMENT_TARGET = 9.2;
				MTL_ENABLE_DEBUG_INFO = NO;
				SDKROOT = iphoneos;
				TARGETED_DEVICE_FAMILY = "1,2";
				VALIDATE_PRODUCT = YES;
			};
			name = Release;
		};
		7D4DDF9C1C77FA78009F18BD /* Debug */ = {
			isa = XCBuildConfiguration;
			buildSettings = {
				ASSETCATALOG_COMPILER_APPICON_NAME = AppIcon;
				INFOPLIST_FILE = Assignment_2/Info.plist;
				LD_RUNPATH_SEARCH_PATHS = "$(inherited) @executable_path/Frameworks";
				PRODUCT_BUNDLE_IDENTIFIER = "mobile.app.Assignment-2";
				PRODUCT_NAME = "$(TARGET_NAME)";
			};
			name = Debug;
		};
		7D4DDF9D1C77FA78009F18BD /* Release */ = {
			isa = XCBuildConfiguration;
			buildSettings = {
				ASSETCATALOG_COMPILER_APPICON_NAME = AppIcon;
				INFOPLIST_FILE = Assignment_2/Info.plist;
				LD_RUNPATH_SEARCH_PATHS = "$(inherited) @executable_path/Frameworks";
				PRODUCT_BUNDLE_IDENTIFIER = "mobile.app.Assignment-2";
				PRODUCT_NAME = "$(TARGET_NAME)";
			};
			name = Release;
		};
		7D4DDF9F1C77FA78009F18BD /* Debug */ = {
			isa = XCBuildConfiguration;
			buildSettings = {
				BUNDLE_LOADER = "$(TEST_HOST)";
				INFOPLIST_FILE = Assignment_2Tests/Info.plist;
				LD_RUNPATH_SEARCH_PATHS = "$(inherited) @executable_path/Frameworks @loader_path/Frameworks";
				PRODUCT_BUNDLE_IDENTIFIER = "mobile.app.Assignment-2Tests";
				PRODUCT_NAME = "$(TARGET_NAME)";
				TEST_HOST = "$(BUILT_PRODUCTS_DIR)/Assignment_2.app/Assignment_2";
			};
			name = Debug;
		};
		7D4DDFA01C77FA78009F18BD /* Release */ = {
			isa = XCBuildConfiguration;
			buildSettings = {
				BUNDLE_LOADER = "$(TEST_HOST)";
				INFOPLIST_FILE = Assignment_2Tests/Info.plist;
				LD_RUNPATH_SEARCH_PATHS = "$(inherited) @executable_path/Frameworks @loader_path/Frameworks";
				PRODUCT_BUNDLE_IDENTIFIER = "mobile.app.Assignment-2Tests";
				PRODUCT_NAME = "$(TARGET_NAME)";
				TEST_HOST = "$(BUILT_PRODUCTS_DIR)/Assignment_2.app/Assignment_2";
			};
			name = Release;
		};
		7D4DDFA21C77FA78009F18BD /* Debug */ = {
			isa = XCBuildConfiguration;
			buildSettings = {
				INFOPLIST_FILE = Assignment_2UITests/Info.plist;
				LD_RUNPATH_SEARCH_PATHS = "$(inherited) @executable_path/Frameworks @loader_path/Frameworks";
				PRODUCT_BUNDLE_IDENTIFIER = "mobile.app.Assignment-2UITests";
				PRODUCT_NAME = "$(TARGET_NAME)";
				TEST_TARGET_NAME = Assignment_2;
				USES_XCTRUNNER = YES;
			};
			name = Debug;
		};
		7D4DDFA31C77FA78009F18BD /* Release */ = {
			isa = XCBuildConfiguration;
			buildSettings = {
				INFOPLIST_FILE = Assignment_2UITests/Info.plist;
				LD_RUNPATH_SEARCH_PATHS = "$(inherited) @executable_path/Frameworks @loader_path/Frameworks";
				PRODUCT_BUNDLE_IDENTIFIER = "mobile.app.Assignment-2UITests";
				PRODUCT_NAME = "$(TARGET_NAME)";
				TEST_TARGET_NAME = Assignment_2;
				USES_XCTRUNNER = YES;
			};
			name = Release;
		};
/* End XCBuildConfiguration section */

/* Begin XCConfigurationList section */
		7D4DDF6E1C77FA78009F18BD /* Build configuration list for PBXProject "Assignment_2" */ = {
			isa = XCConfigurationList;
			buildConfigurations = (
				7D4DDF991C77FA78009F18BD /* Debug */,
				7D4DDF9A1C77FA78009F18BD /* Release */,
			);
			defaultConfigurationIsVisible = 0;
			defaultConfigurationName = Release;
		};
		7D4DDF9B1C77FA78009F18BD /* Build configuration list for PBXNativeTarget "Assignment_2" */ = {
			isa = XCConfigurationList;
			buildConfigurations = (
				7D4DDF9C1C77FA78009F18BD /* Debug */,
				7D4DDF9D1C77FA78009F18BD /* Release */,
			);
			defaultConfigurationIsVisible = 0;
		};
		7D4DDF9E1C77FA78009F18BD /* Build configuration list for PBXNativeTarget "Assignment_2Tests" */ = {
			isa = XCConfigurationList;
			buildConfigurations = (
				7D4DDF9F1C77FA78009F18BD /* Debug */,
				7D4DDFA01C77FA78009F18BD /* Release */,
			);
			defaultConfigurationIsVisible = 0;
		};
		7D4DDFA11C77FA78009F18BD /* Build configuration list for PBXNativeTarget "Assignment_2UITests" */ = {
			isa = XCConfigurationList;
			buildConfigurations = (
				7D4DDFA21C77FA78009F18BD /* Debug */,
				7D4DDFA31C77FA78009F18BD /* Release */,
			);
			defaultConfigurationIsVisible = 0;
		};
/* End XCConfigurationList section */
	};
	rootObject = 7D4DDF6B1C77FA78009F18BD /* Project object */;
}
